
Microsoft Visual Studio Solution File, Format Version 12.00
# Visual Studio Version 16
VisualStudioVersion = 16.0.30114.105
MinimumVisualStudioVersion = 10.0.40219.1
Project("{FAE04EC0-301F-11D3-BF4B-00C04F79EFBC}") = "SDETTechInterview", "SDETTechInterview\SDETTechInterview.csproj", "{A11497C5-75B2-4449-92CF-607D2E4FAEF9}"
EndProject
Global
	GlobalSection(SolutionConfigurationPlatforms) = preSolution
		Debug|Any CPU = Debug|Any CPU
		Release|Any CPU = Release|Any CPU
	EndGlobalSection
	GlobalSection(ProjectConfigurationPlatforms) = postSolution
		{A11497C5-75B2-4449-92CF-607D2E4FAEF9}.Debug|Any CPU.ActiveCfg = Debug|Any CPU
		{A11497C5-75B2-4449-92CF-607D2E4FAEF9}.Debug|Any CPU.Build.0 = Debug|Any CPU
		{A11497C5-75B2-4449-92CF-607D2E4FAEF9}.Release|Any CPU.ActiveCfg = Release|Any CPU
		{A11497C5-75B2-4449-92CF-607D2E4FAEF9}.Release|Any CPU.Build.0 = Release|Any CPU
	EndGlobalSection
	GlobalSection(SolutionProperties) = preSolution
		HideSolutionNode = FALSE
	EndGlobalSection
	GlobalSection(ExtensibilityGlobals) = postSolution
		SolutionGuid = {A6CFCF71-3B3A-40CE-82C3-D4B741C8D168}
	EndGlobalSection
EndGlobal
